
Microsoft Visual Studio Solution File, Format Version 11.00
# Visual Studio 2010
Project("{8BC9CEB8-8B4A-11D0-8D11-00A0C91BC942}") = "collition", "collition\collition.vcxproj", "{80EFB412-A393-4FD0-BD82-83B4CBF5C14F}"
EndProject
Global
	GlobalSection(SolutionConfigurationPlatforms) = preSolution
		Debug|Win32 = Debug|Win32
		Release|Win32 = Release|Win32
	EndGlobalSection
	GlobalSection(ProjectConfigurationPlatforms) = postSolution
		{80EFB412-A393-4FD0-BD82-83B4CBF5C14F}.Debug|Win32.ActiveCfg = Debug|Win32
		{80EFB412-A393-4FD0-BD82-83B4CBF5C14F}.Debug|Win32.Build.0 = Debug|Win32
		{80EFB412-A393-4FD0-BD82-83B4CBF5C14F}.Release|Win32.ActiveCfg = Release|Win32
		{80EFB412-A393-4FD0-BD82-83B4CBF5C14F}.Release|Win32.Build.0 = Release|Win32
	EndGlobalSection
	GlobalSection(SolutionProperties) = preSolution
		HideSolutionNode = FALSE
	EndGlobalSection
EndGlobal
